{
  "name": "wish-playground",
  "version": "0.1.0",
  "lockfileVersion": 1,
  "requires": true,
  "dependencies": {
    "@interactjs/actions": {
      "version": "1.10.2",
      "resolved": "https://registry.npmmirror.com/@interactjs/actions/-/actions-1.10.2.tgz",
      "integrity": "sha512-BHJcW84WCMf/LsKmha/1Yog7aH3+QBXbLvowvZvwYvgjdUIb3xCa1a7FUYXuWAeKNMyKPVjFun+WPce75B+1tA==",
      "requires": {
        "@interactjs/interact": "1.10.2"
      }
    },
    "@interactjs/arrange": {
      "version": "1.10.2",
      "resolved": "https://registry.npmmirror.com/@interactjs/arrange/-/arrange-1.10.2.tgz",
      "integrity": "sha512-pPLA9o4RWMFN0VfalklOFSRLL4WqqXcD9no4XEuqV00goZPCxLBbMTztaWwnutlRy7evtOhUjUH+pZVsS+dZ4Q=="
    },
    "@interactjs/auto-scroll": {
      "version": "1.10.2",
      "resolved": "https://registry.npmmirror.com/@interactjs/auto-scroll/-/auto-scroll-1.10.2.tgz",
      "integrity": "sha512-yYqzOawwvWd1NNnlqZdzrXoOMFafQ2/ws85erpJqdaNMQE221z2uP+QYhFRLQRgYUlTbHFfmjDpzhuJgq4uA8Q==",
      "requires": {
        "@interactjs/interact": "1.10.2"
      }
    },
    "@interactjs/auto-start": {
      "version": "1.10.2",
      "resolved": "https://registry.npmmirror.com/@interactjs/auto-start/-/auto-start-1.10.2.tgz",
      "integrity": "sha512-nZudj8VzJzz+uEyDHqXwtKpvUYr+Oj1+xBrJEu21CywroHQWM2J4fCIiCgeCo3d5/p/TrzFk5b+YfAWePKiLxA==",
      "requires": {
        "@interactjs/interact": "1.10.2"
      }
    },
    "@interactjs/clone": {
      "version": "1.10.2",
      "resolved": "https://registry.npmmirror.com/@interactjs/clone/-/clone-1.10.2.tgz",
      "integrity": "sha512-XzA8BRHSCwvysOegZ1kopg+IJF3erh4qzY6DRoZsIJovKAXawoa176E58IAzDbgYPJ2yoaSGT+XyzT2C0wa3pQ=="
    },
    "@interactjs/core": {
      "version": "1.10.2",
      "resolved": "https://registry.npmmirror.com/@interactjs/core/-/core-1.10.2.tgz",
      "integrity": "sha512-SA5KRGo+gFJOhBj1Z2dLHhAf0/2nyHNd4SQ460aIQ3jj/QhqbJW6kGzmh7hBa2FzVGgxLhcQu7NZaP4rnDfUNw=="
    },
    "@interactjs/dev-tools": {
      "version": "1.10.2",
      "resolved": "https://registry.npmmirror.com/@interactjs/dev-tools/-/dev-tools-1.10.2.tgz",
      "integrity": "sha512-aAd9NgTAGA3yVdFCYcAAYrM4TYQFuVqEvsF+xj+g5SlGyrJ7+GTjPZ2rScOyAsABY4Tz64L2pXvWmXMG87dncA==",
      "requires": {
        "@interactjs/interact": "1.10.2",
        "@interactjs/utils": "1.10.2"
      }
    },
    "@interactjs/feedback": {
      "version": "1.10.2",
      "resolved": "https://registry.npmmirror.com/@interactjs/feedback/-/feedback-1.10.2.tgz",
      "integrity": "sha512-XlcoICGrFeUwwRtDgOpstOOvlU42WZoEg7gJHK3LwF7j0IctPd1+3blXofFlBeVvodle8MvUMepm5CRXz741fA=="
    },
    "@interactjs/inertia": {
      "version": "1.10.2",
      "resolved": "https://registry.npmmirror.com/@interactjs/inertia/-/inertia-1.10.2.tgz",
      "integrity": "sha512-ZmN1joN6J36Q6SOp3V0iZOisXZOBMSAUj0STo8wbwCKy7K8IrC9vjUBbO2JM52cT6o7hg5ebHsp5c8FrebSHlg==",
      "requires": {
        "@interactjs/interact": "1.10.2",
        "@interactjs/offset": "1.10.2"
      }
    },
    "@interactjs/interact": {
      "version": "1.10.2",
      "resolved": "https://registry.npmmirror.com/@interactjs/interact/-/interact-1.10.2.tgz",
      "integrity": "sha512-Ms5uVCY9IobVYpQyBnBdkP6Bk6iDY7TkC7GupsdUPUxzAvYSQCTEAGr/1PwxSrSS6dN/8O8TuyUWPbCaylr/JA==",
      "requires": {
        "@interactjs/core": "1.10.2",
        "@interactjs/types": "1.10.2",
        "@interactjs/utils": "1.10.2"
      }
    },
    "@interactjs/interactjs": {
      "version": "1.10.2",
      "resolved": "https://registry.npmmirror.com/@interactjs/interactjs/-/interactjs-1.10.2.tgz",
      "integrity": "sha512-OwLl70af6lfZOOg/bvWKSNm1DS1nDI72QnzDYljSKfc2D8stqLIGDO1wPY2rhZudUG5q3t50EhmMUQF76yll/g==",
      "requires": {
        "@interactjs/actions": "1.10.2",
        "@interactjs/arrange": "1.10.2",
        "@interactjs/auto-scroll": "1.10.2",
        "@interactjs/auto-start": "1.10.2",
        "@interactjs/clone": "1.10.2",
        "@interactjs/core": "1.10.2",
        "@interactjs/dev-tools": "1.10.2",
        "@interactjs/feedback": "1.10.2",
        "@interactjs/inertia": "1.10.2",
        "@interactjs/interact": "1.10.2",
        "@interactjs/modifiers": "1.10.2",
        "@interactjs/multi-target": "1.10.2",
        "@interactjs/offset": "1.10.2",
        "@interactjs/pointer-events": "1.10.2",
        "@interactjs/react": "1.10.2",
        "@interactjs/reflow": "1.10.2",
        "@interactjs/utils": "1.10.2",
        "@interactjs/vue": "1.10.2"
      }
    },
    "@interactjs/modifiers": {
      "version": "1.10.2",
      "resolved": "https://registry.npmmirror.com/@interactjs/modifiers/-/modifiers-1.10.2.tgz",
      "integrity": "sha512-3wYEucvZF2NTIslnVIKw5MWhkn9LM42cGCQaC19o3LZeWnbps7NnHJCyQp6zylJrCbwt7f+CSt4Oj2/s0f6XEA==",
      "requires": {
        "@interactjs/interact": "1.10.2",
        "@interactjs/snappers": "1.10.2"
      }
    },
    "@interactjs/multi-target": {
      "version": "1.10.2",
      "resolved": "https://registry.npmmirror.com/@interactjs/multi-target/-/multi-target-1.10.2.tgz",
      "integrity": "sha512-O2GiIqgZBzjAVTOpL8doTnAcM9AtM3+H/Bb+An12wWKtNutVK7JbqUAO2nYueOk55/PP3yDLY9Qdr15RJns3lQ=="
    },
    "@interactjs/offset": {
      "version": "1.10.2",
      "resolved": "https://registry.npmmirror.com/@interactjs/offset/-/offset-1.10.2.tgz",
      "integrity": "sha512-xLgQqinFUY7ZqSX9d9on7XRcxvQdHNEAktj2QFwxMsEwrA6zbKROpPVwt8WQ1yBAeJSFjgYGcmCMPW5K41dT0w==",
      "requires": {
        "@interactjs/interact": "1.10.2"
      }
    },
    "@interactjs/pointer-events": {
      "version": "1.10.2",
      "resolved": "https://registry.npmmirror.com/@interactjs/pointer-events/-/pointer-events-1.10.2.tgz",
      "integrity": "sha512-O8s3N399hkGIzWGlcJVy0LJyDn5YWDh6XKjyowh/QivtlZSWPY8eglmlN2uZX0lmiqUYghbKI4CpQYP/cE0ZDA==",
      "requires": {
        "@interactjs/interact": "1.10.2"
      }
    },
    "@interactjs/react": {
      "version": "1.10.2",
      "resolved": "https://registry.npmmirror.com/@interactjs/react/-/react-1.10.2.tgz",
      "integrity": "sha512-JXzPdANft+W2vq3SCSzprCwom5UuC8TaiAAhVdt8R+/P6xHbOeAX93XLS5YmDwT8e0Zh9J9jYvz55tkTdwjFZQ=="
    },
    "@interactjs/reflow": {
      "version": "1.10.2",
      "resolved": "https://registry.npmmirror.com/@interactjs/reflow/-/reflow-1.10.2.tgz",
      "integrity": "sha512-pc6o6RRhSCYQC4auZexRb7z5FQkdSVev5HzlRfUAjfw4C076qgbcs63ESRKy4YXdSBtUTvARQZxpuWUNGquzJw==",
      "requires": {
        "@interactjs/interact": "1.10.2"
      }
    },
    "@interactjs/snappers": {
      "version": "1.10.2",
      "resolved": "https://registry.npmmirror.com/@interactjs/snappers/-/snappers-1.10.2.tgz",
      "integrity": "sha512-wQ41Vn5GRn6VavjIEUtTkd9d5QgdKgC4+CPW0fjKkiQclLBmaic7VibNETO8twN0Jx5e73EoPj9K2nAVHIA0hA=="
    },
    "@interactjs/types": {
      "version": "1.10.2",
      "resolved": "https://registry.npmmirror.com/@interactjs/types/-/types-1.10.2.tgz",
      "integrity": "sha512-l0T1bU8OHRv716ztQOYwP+K7b/lA76C0T3r/cdabbUv6CKeAFdFRRFlmNxYOM36SxMGWAiq5VWrN3SeXlB7Fow=="
    },
    "@interactjs/utils": {
      "version": "1.10.2",
      "resolved": "https://registry.npmmirror.com/@interactjs/utils/-/utils-1.10.2.tgz",
      "integrity": "sha512-sOr+pu7XGAN4qv+ikajMo3RJygbkbMLegmx0Tv5Qf6e80sF42FjkmHeMGuV7fL98nwat0VmDiWerOFBnKctXow=="
    },
    "@interactjs/vue": {
      "version": "1.10.2",
      "resolved": "https://registry.npmmirror.com/@interactjs/vue/-/vue-1.10.2.tgz",
      "integrity": "sha512-msLdc42DFsCPQZt6YBGZrw8Ro23kQcNnj+iLz2OUQcOrp/lma7WjorUuAwwfyFna2DevLtiYlMLbT0dpO/cVhg=="
    },
    "anymatch": {
      "version": "3.1.3",
      "resolved": "https://registry.npmmirror.com/anymatch/-/anymatch-3.1.3.tgz",
      "integrity": "sha512-KMReFUr0B4t+D+OBkjR3KYqvocp2XaSzO55UcB6mgQMd3KbcE+mWTyvVV7D/zsdEbNnV6acZUutkiHQXvTr1Rw==",
      "dev": true,
      "requires": {
        "normalize-path": "^3.0.0",
        "picomatch": "^2.0.4"
      }
    },
    "batch-processor": {
      "version": "1.0.0",
      "resolved": "https://registry.npmmirror.com/batch-processor/-/batch-processor-1.0.0.tgz",
      "integrity": "sha512-xoLQD8gmmR32MeuBHgH0Tzd5PuSZx71ZsbhVxOCRbgktZEPe4SQy7s9Z50uPp0F/f7iw2XmkHN2xkgbMfckMDA=="
    },
    "binary-extensions": {
      "version": "2.2.0",
      "resolved": "https://registry.npmmirror.com/binary-extensions/-/binary-extensions-2.2.0.tgz",
      "integrity": "sha512-jDctJ/IVQbZoJykoeHbhXpOlNBqGNcwXJKJog42E5HDPUwQTSdjCHdihjj0DlnheQ7blbT6dHOafNAiS8ooQKA==",
      "dev": true
    },
    "braces": {
      "version": "3.0.2",
      "resolved": "https://registry.npmmirror.com/braces/-/braces-3.0.2.tgz",
      "integrity": "sha512-b8um+L1RzM3WDSzvhm6gIz1yfTbBt6YTlcEKAvsmqCZZFw46z626lVj9j1yEPW33H5H+lBQpZMP1k8l+78Ha0A==",
      "dev": true,
      "requires": {
        "fill-range": "^7.0.1"
      }
    },
    "chokidar": {
      "version": "3.5.3",
      "resolved": "https://registry.npmmirror.com/chokidar/-/chokidar-3.5.3.tgz",
      "integrity": "sha512-Dr3sfKRP6oTcjf2JmUmFJfeVMvXBdegxB0iVQ5eb2V10uFJUCAS8OByZdVAyVb8xXNz3GjjTgj9kLWsZTqE6kw==",
      "dev": true,
      "requires": {
        "anymatch": "~3.1.2",
        "braces": "~3.0.2",
        "fsevents": "~2.3.2",
        "glob-parent": "~5.1.2",
        "is-binary-path": "~2.1.0",
        "is-glob": "~4.0.1",
        "normalize-path": "~3.0.0",
        "readdirp": "~3.6.0"
      }
    },
    "element-resize-detector": {
      "version": "1.2.4",
      "resolved": "https://registry.npmmirror.com/element-resize-detector/-/element-resize-detector-1.2.4.tgz",
      "integrity": "sha512-Fl5Ftk6WwXE0wqCgNoseKWndjzZlDCwuPTcoVZfCP9R3EHQF8qUtr3YUPNETegRBOKqQKPW3n4kiIWngGi8tKg==",
      "requires": {
        "batch-processor": "1.0.0"
      }
    },
    "fill-range": {
      "version": "7.0.1",
      "resolved": "https://registry.npmmirror.com/fill-range/-/fill-range-7.0.1.tgz",
      "integrity": "sha512-qOo9F+dMUmC2Lcb4BbVvnKJxTPjCm+RRpe4gDuGrzkL7mEVl/djYSu2OdQ2Pa302N4oqkSg9ir6jaLWJ2USVpQ==",
      "dev": true,
      "requires": {
        "to-regex-range": "^5.0.1"
      }
    },
    "fsevents": {
      "version": "2.3.2",
      "resolved": "https://registry.npmmirror.com/fsevents/-/fsevents-2.3.2.tgz",
      "integrity": "sha512-xiqMQR4xAeHTuB9uWm+fFRcIOgKBMiOBP+eXiyT7jsgVCq1bkVygt00oASowB7EdtpOHaaPgKt812P9ab+DDKA==",
      "dev": true,
      "optional": true
    },
    "glob-parent": {
      "version": "5.1.2",
      "resolved": "https://registry.npmmirror.com/glob-parent/-/glob-parent-5.1.2.tgz",
      "integrity": "sha512-AOIgSQCepiJYwP3ARnGx+5VnTu2HBYdzbGP45eLw1vr3zB3vZLeyed1sC9hnbcOc9/SrMyM5RPQrkGz4aS9Zow==",
      "dev": true,
      "requires": {
        "is-glob": "^4.0.1"
      }
    },
    "immutable": {
      "version": "4.2.4",
      "resolved": "https://registry.npmmirror.com/immutable/-/immutable-4.2.4.tgz",
      "integrity": "sha512-WDxL3Hheb1JkRN3sQkyujNlL/xRjAo3rJtaU5xeufUauG66JdMr32bLj4gF+vWl84DIA3Zxw7tiAjneYzRRw+w==",
      "dev": true
    },
    "is-binary-path": {
      "version": "2.1.0",
      "resolved": "https://registry.npmmirror.com/is-binary-path/-/is-binary-path-2.1.0.tgz",
      "integrity": "sha512-ZMERYes6pDydyuGidse7OsHxtbI7WVeUEozgR/g7rd0xUimYNlvZRE/K2MgZTjWy725IfelLeVcEM97mmtRGXw==",
      "dev": true,
      "requires": {
        "binary-extensions": "^2.0.0"
      }
    },
    "is-extglob": {
      "version": "2.1.1",
      "resolved": "https://registry.npmmirror.com/is-extglob/-/is-extglob-2.1.1.tgz",
      "integrity": "sha512-SbKbANkN603Vi4jEZv49LeVJMn4yGwsbzZworEoyEiutsN3nJYdbO36zfhGJ6QEDpOZIFkDtnq5JRxmvl3jsoQ==",
      "dev": true
    },
    "is-glob": {
      "version": "4.0.3",
      "resolved": "https://registry.npmmirror.com/is-glob/-/is-glob-4.0.3.tgz",
      "integrity": "sha512-xelSayHH36ZgE7ZWhli7pW34hNbNl8Ojv5KVmkJD4hBdD3th8Tfk9vYasLM+mXWOZhFkgZfxhLSnrwRr4elSSg==",
      "dev": true,
      "requires": {
        "is-extglob": "^2.1.1"
      }
    },
    "is-number": {
      "version": "7.0.0",
      "resolved": "https://registry.npmmirror.com/is-number/-/is-number-7.0.0.tgz",
      "integrity": "sha512-41Cifkg6e8TylSpdtTpeLVMqvSBEVzTttHvERD741+pnZ8ANv0004MRL43QKPDlK9cGvNp6NZWZUBlbGXYxxng==",
      "dev": true
    },
    "klona": {
      "version": "2.0.6",
      "resolved": "https://registry.npmmirror.com/klona/-/klona-2.0.6.tgz",
      "integrity": "sha512-dhG34DXATL5hSxJbIexCft8FChFXtmskoZYnoPWjXQuebWYCNkVeV3KkGegCK9CP1oswI/vQibS2GY7Em/sJJA==",
      "dev": true
    },
    "neo-async": {
      "version": "2.6.2",
      "resolved": "https://registry.npmmirror.com/neo-async/-/neo-async-2.6.2.tgz",
      "integrity": "sha512-Yd3UES5mWCSqR+qNT93S3UoYUkqAZ9lLg8a7g9rimsWmYGK8cVToA4/sF3RrshdyV3sAGMXVUmpMYOw+dLpOuw==",
      "dev": true
    },
    "normalize-path": {
      "version": "3.0.0",
      "resolved": "https://registry.npmmirror.com/normalize-path/-/normalize-path-3.0.0.tgz",
      "integrity": "sha512-6eZs5Ls3WtCisHWp9S2GUy8dqkpGi4BVSz3GaqiE6ezub0512ESztXUwUB6C6IKbQkY2Pnb/mD4WYojCRwcwLA==",
      "dev": true
    },
    "picocolors": {
      "version": "0.2.1",
      "resolved": "https://registry.npmmirror.com/picocolors/-/picocolors-0.2.1.tgz",
      "integrity": "sha512-cMlDqaLEqfSaW8Z7N5Jw+lyIW869EzT73/F5lhtY9cLGoVxSXznfgfXMO0Z5K0o0Q2TkTXq+0KFsdnSe3jDViA==",
      "dev": true
    },
    "picomatch": {
      "version": "2.3.1",
      "resolved": "https://registry.npmmirror.com/picomatch/-/picomatch-2.3.1.tgz",
      "integrity": "sha512-JU3teHTNjmE2VCGFzuY8EXzCDVwEqB2a8fsIvwaStHhAWJEeVd1o1QD80CU6+ZdEXXSLbSsuLwJjkCBWqRQUVA==",
      "dev": true
    },
    "postcss": {
      "version": "7.0.39",
      "resolved": "https://registry.npmmirror.com/postcss/-/postcss-7.0.39.tgz",
      "integrity": "sha512-yioayjNbHn6z1/Bywyb2Y4s3yvDAeXGOyxqD+LnVOinq6Mdmd++SW2wUNVzavyyHxd6+DxzWGIuosg6P1Rj8uA==",
      "dev": true,
      "requires": {
        "picocolors": "^0.2.1",
        "source-map": "^0.6.1"
      }
    },
    "postcss-plugin-namespace": {
      "version": "0.0.3",
      "resolved": "https://registry.npmmirror.com/postcss-plugin-namespace/-/postcss-plugin-namespace-0.0.3.tgz",
      "integrity": "sha512-tDPJ7pF2ekL5OvdQXJgRIiAwV7148PEVQfSymIahO0DzyRruDCpgeJXrQXHdDVnNm/Qkip5FxNJUkUvUadrEew==",
      "dev": true,
      "requires": {
        "postcss": "^7.0.6"
      }
    },
    "readdirp": {
      "version": "3.6.0",
      "resolved": "https://registry.npmmirror.com/readdirp/-/readdirp-3.6.0.tgz",
      "integrity": "sha512-hOS089on8RduqdbhvQ5Z37A0ESjsqz6qnRcffsMU3495FuTdqSm+7bhJ29JvIOsBDEEnan5DPu9t3To9VRlMzA==",
      "dev": true,
      "requires": {
        "picomatch": "^2.2.1"
      }
    },
    "sass": {
      "version": "1.58.3",
      "resolved": "https://registry.npmmirror.com/sass/-/sass-1.58.3.tgz",
      "integrity": "sha512-Q7RaEtYf6BflYrQ+buPudKR26/lH+10EmO9bBqbmPh/KeLqv8bjpTNqxe71ocONqXq+jYiCbpPUmQMS+JJPk4A==",
      "dev": true,
      "requires": {
        "chokidar": ">=3.0.0 <4.0.0",
        "immutable": "^4.0.0",
        "source-map-js": ">=0.6.2 <2.0.0"
      }
    },
    "sass-loader": {
      "version": "13.2.0",
      "resolved": "https://registry.npmmirror.com/sass-loader/-/sass-loader-13.2.0.tgz",
      "integrity": "sha512-JWEp48djQA4nbZxmgC02/Wh0eroSUutulROUusYJO9P9zltRbNN80JCBHqRGzjd4cmZCa/r88xgfkjGD0TXsHg==",
      "dev": true,
      "requires": {
        "klona": "^2.0.4",
        "neo-async": "^2.6.2"
      }
    },
    "source-map": {
      "version": "0.6.1",
      "resolved": "https://registry.npmmirror.com/source-map/-/source-map-0.6.1.tgz",
      "integrity": "sha512-UjgapumWlbMhkBgzT7Ykc5YXUT46F0iKu8SGXq0bcwP5dz/h0Plj6enJqjz1Zbq2l5WaqYnrVbwWOWMyF3F47g==",
      "dev": true
    },
    "source-map-js": {
      "version": "1.0.2",
      "resolved": "https://registry.npmmirror.com/source-map-js/-/source-map-js-1.0.2.tgz",
      "integrity": "sha512-R0XvVJ9WusLiqTCEiGCmICCMplcCkIwwR11mOSD9CR5u+IXYdiseeEuXCVAjS54zqwkLcPNnmU4OeJ6tUrWhDw==",
      "dev": true
    },
    "to-regex-range": {
      "version": "5.0.1",
      "resolved": "https://registry.npmmirror.com/to-regex-range/-/to-regex-range-5.0.1.tgz",
      "integrity": "sha512-65P7iz6X5yEr1cwcgvQxbbIw7Uk3gOy5dIdtZ4rDveLqhrdJP+Li/Hx6tyK0NEb+2GCyneCMJiGqrADCSNk8sQ==",
      "dev": true,
      "requires": {
        "is-number": "^7.0.0"
      }
    },
    "vue-grid-layout": {
      "version": "2.4.0",
      "resolved": "https://registry.npmmirror.com/vue-grid-layout/-/vue-grid-layout-2.4.0.tgz",
      "integrity": "sha512-MRQVt1BdWDaPN4gKGEKOVVwiTyucqJhrGEyjiY9Muor+dzFFq4Hm0geSpYJpLvC1GLlTL8KWUwy0suKrHm+mqg==",
      "requires": {
        "@interactjs/actions": "1.10.2",
        "@interactjs/auto-scroll": "1.10.2",
        "@interactjs/auto-start": "1.10.2",
        "@interactjs/dev-tools": "1.10.2",
        "@interactjs/interactjs": "1.10.2",
        "@interactjs/modifiers": "1.10.2",
        "element-resize-detector": "^1.2.1"
      }
    }
  }
}
